
Microsoft Visual Studio Solution File, Format Version 12.00
# Visual Studio Version 17
VisualStudioVersion = 17.10.35013.160
MinimumVisualStudioVersion = 10.0.40219.1
Project("{9A19103F-16F7-4668-BE54-9A1E7A4F7556}") = "Lab3Test", "Lab3Test\Lab3Test.csproj", "{003352AD-8BA6-4B6A-A9B1-F710EA56DFAF}"
EndProject
Project("{FAE04EC0-301F-11D3-BF4B-00C04F79EFBC}") = "Lab3", "Lap3\Lab3.csproj", "{BE1A1BA7-ABA6-464F-AE2A-01E03CBFB507}"
EndProject
Global
	GlobalSection(SolutionConfigurationPlatforms) = preSolution
		Debug|Any CPU = Debug|Any CPU
		Release|Any CPU = Release|Any CPU
	EndGlobalSection
	GlobalSection(ProjectConfigurationPlatforms) = postSolution
		{003352AD-8BA6-4B6A-A9B1-F710EA56DFAF}.Debug|Any CPU.ActiveCfg = Debug|Any CPU
		{003352AD-8BA6-4B6A-A9B1-F710EA56DFAF}.Debug|Any CPU.Build.0 = Debug|Any CPU
		{003352AD-8BA6-4B6A-A9B1-F710EA56DFAF}.Release|Any CPU.ActiveCfg = Release|Any CPU
		{003352AD-8BA6-4B6A-A9B1-F710EA56DFAF}.Release|Any CPU.Build.0 = Release|Any CPU
		{BE1A1BA7-ABA6-464F-AE2A-01E03CBFB507}.Debug|Any CPU.ActiveCfg = Debug|Any CPU
		{BE1A1BA7-ABA6-464F-AE2A-01E03CBFB507}.Debug|Any CPU.Build.0 = Debug|Any CPU
		{BE1A1BA7-ABA6-464F-AE2A-01E03CBFB507}.Release|Any CPU.ActiveCfg = Release|Any CPU
		{BE1A1BA7-ABA6-464F-AE2A-01E03CBFB507}.Release|Any CPU.Build.0 = Release|Any CPU
	EndGlobalSection
	GlobalSection(SolutionProperties) = preSolution
		HideSolutionNode = FALSE
	EndGlobalSection
	GlobalSection(ExtensibilityGlobals) = postSolution
		SolutionGuid = {C345DF44-6510-461F-A5B4-D096F3533CBA}
	EndGlobalSection
EndGlobal
